{
  "requires": true,
  "lockfileVersion": 1,
  "dependencies": {
    "react-router-last-location": {
      "version": "2.0.1",
      "resolved": "https://registry.npmjs.org/react-router-last-location/-/react-router-last-location-2.0.1.tgz",
      "integrity": "sha512-3FbFIWwUr2qN28vN9DNdFp6RhUH/yif6ILVff1zT+hLdyGmlNPh3GuPhveb7bHQLgB744QW8L0qtWjX58ESuZQ=="
    }
  }
}
